
Microsoft Visual Studio Solution File, Format Version 12.00
# Visual Studio Version 16
VisualStudioVersion = 16.0.31129.286
MinimumVisualStudioVersion = 10.0.40219.1
Project("{FAE04EC0-301F-11D3-BF4B-00C04F79EFBC}") = "lesson-005", "lesson-005\lesson-005.csproj", "{87B1FDF3-5C55-4A81-BD37-89BBD4775EAD}"
EndProject
Global
	GlobalSection(SolutionConfigurationPlatforms) = preSolution
		Debug|Any CPU = Debug|Any CPU
		Release|Any CPU = Release|Any CPU
	EndGlobalSection
	GlobalSection(ProjectConfigurationPlatforms) = postSolution
		{87B1FDF3-5C55-4A81-BD37-89BBD4775EAD}.Debug|Any CPU.ActiveCfg = Debug|Any CPU
		{87B1FDF3-5C55-4A81-BD37-89BBD4775EAD}.Debug|Any CPU.Build.0 = Debug|Any CPU
		{87B1FDF3-5C55-4A81-BD37-89BBD4775EAD}.Release|Any CPU.ActiveCfg = Release|Any CPU
		{87B1FDF3-5C55-4A81-BD37-89BBD4775EAD}.Release|Any CPU.Build.0 = Release|Any CPU
	EndGlobalSection
	GlobalSection(SolutionProperties) = preSolution
		HideSolutionNode = FALSE
	EndGlobalSection
	GlobalSection(ExtensibilityGlobals) = postSolution
		SolutionGuid = {FD0B37A1-0293-442C-AE8E-5FBCC9F6FAA8}
	EndGlobalSection
EndGlobal
